{
  "lockfileVersion": 1,
  "configVersion": 1,
  "workspaces": {
    "": {
      "name": "my-javascript-cli",
      "dependencies": {
        "@fontsource/bitcount-prop-single": "^5.2.2",
        "@fontsource/montserrat": "^5.2.8",
        "@fontsource/open-sans": "^5.2.7",
        "@fontsource/roboto": "^5.2.9",
        "@fontsource/roboto-condensed": "^5.2.8",
        "@fontsource/tenor-sans": "^5.2.8",
      },
      "devDependencies": {
        "@types/bun": "latest",
        "@types/node": "^24.10.2",
        "fs-extra": "^11.3.2",
        "meow": "^14.0.0",
      },
      "peerDependencies": {
        "typescript": "^5",
      },
    },
  },
  "packages": {
    "@fontsource/bitcount-prop-single": ["@fontsource/bitcount-prop-single@5.2.2", "", {}, "sha512-Ay5ykuXGrXnN62708JVobonpt3YvEZmg58sxepGzyH54Ji1VBNNWitSAfQPY5hl+MTIWx01hg+DV64g53tjehg=="],

    "@fontsource/montserrat": ["@fontsource/montserrat@5.2.8", "", {}, "sha512-xTjLxSbSfCycDB0pwmNsfNvdfWPaDaRQ2LC6yt/ZI7SdvXG52zHnzNYC/09mzuAuWNJyShkteutfCoDgym56hQ=="],

    "@fontsource/open-sans": ["@fontsource/open-sans@5.2.7", "", {}, "sha512-8yfgDYjE5O0vmTPdrcjV35y4yMnctsokmi9gN49Gcsr0sjzkMkR97AnKDe6OqZh2SFkYlR28fxOvi21bYEgMSw=="],

    "@fontsource/roboto": ["@fontsource/roboto@5.2.9", "", {}, "sha512-ZTkyHiPk74B/aj8BZWbsxD5Yu+Lq+nR64eV4wirlrac2qXR7jYk2h6JlLYuOuoruTkGQWNw2fMuKNavw7/rg0w=="],

    "@fontsource/roboto-condensed": ["@fontsource/roboto-condensed@5.2.8", "", {}, "sha512-M2OxXXGJQeif+LhxHjWiCEX3BHIYeZf64CcUTeh9AQFGp7DXo2UAXZiZUUOalVdOiuUtQSIi2CDHLDWFiyoECQ=="],

    "@fontsource/tenor-sans": ["@fontsource/tenor-sans@5.2.8", "", {}, "sha512-TjFS0HiVORkuYrxRuHvLgAb2YigAytfOtu29kqUEYE6D3l6ZwLM+E5cEY21oTAsf/dPP4o75ZsXutdZb1Pus8A=="],

    "@types/bun": ["@types/bun@1.3.4", "", { "dependencies": { "bun-types": "1.3.4" } }, "sha512-EEPTKXHP+zKGPkhRLv+HI0UEX8/o+65hqARxLy8Ov5rIxMBPNTjeZww00CIihrIQGEQBYg+0roO5qOnS/7boGA=="],

    "@types/node": ["@types/node@24.10.2", "", { "dependencies": { "undici-types": "~7.16.0" } }, "sha512-WOhQTZ4G8xZ1tjJTvKOpyEVSGgOTvJAfDK3FNFgELyaTpzhdgHVHeqW8V+UJvzF5BT+/B54T/1S2K6gd9c7bbA=="],

    "bun-types": ["bun-types@1.3.4", "", { "dependencies": { "@types/node": "*" } }, "sha512-5ua817+BZPZOlNaRgGBpZJOSAQ9RQ17pkwPD0yR7CfJg+r8DgIILByFifDTa+IPDDxzf5VNhtNlcKqFzDgJvlQ=="],

    "fs-extra": ["fs-extra@11.3.2", "", { "dependencies": { "graceful-fs": "^4.2.0", "jsonfile": "^6.0.1", "universalify": "^2.0.0" } }, "sha512-Xr9F6z6up6Ws+NjzMCZc6WXg2YFRlrLP9NQDO3VQrWrfiojdhS56TzueT88ze0uBdCTwEIhQ3ptnmKeWGFAe0A=="],

    "graceful-fs": ["graceful-fs@4.2.11", "", {}, "sha512-RbJ5/jmFcNNCcDV5o9eTnBLJ/HszWV0P73bc+Ff4nS/rJj+YaS6IGyiOL0VoBYX+l1Wrl3k63h/KrH+nhJ0XvQ=="],

    "jsonfile": ["jsonfile@6.2.0", "", { "dependencies": { "universalify": "^2.0.0" }, "optionalDependencies": { "graceful-fs": "^4.1.6" } }, "sha512-FGuPw30AdOIUTRMC2OMRtQV+jkVj2cfPqSeWXv1NEAJ1qZ5zb1X6z1mFhbfOB/iy3ssJCD+3KuZ8r8C3uVFlAg=="],

    "meow": ["meow@14.0.0", "", {}, "sha512-JhC3R1f6dbspVtmF3vKjAWz1EVIvwFrGGPLSdU6rK79xBwHWTuHoLnRX/t1/zHS1Ch1Y2UtIrih7DAHuH9JFJA=="],

    "typescript": ["typescript@5.9.3", "", { "bin": { "tsc": "bin/tsc", "tsserver": "bin/tsserver" } }, "sha512-jl1vZzPDinLr9eUt3J/t7V6FgNEw9QjvBPdysz9KfQDD41fQrC2Y4vKQdiaUpFT4bXlb1RHhLpp8wtm6M5TgSw=="],

    "undici-types": ["undici-types@7.16.0", "", {}, "sha512-Zz+aZWSj8LE6zoxD+xrjh4VfkIG8Ya6LvYkZqtUQGJPZjYl53ypCaUwWqo7eI0x66KBGeRo+mlBEkMSeSZ38Nw=="],

    "universalify": ["universalify@2.0.1", "", {}, "sha512-gptHNQghINnc/vTGIk0SOFGFNXw7JVrlRUtConJRlvaw6DuX0wO5Jeko9sWrMBhh+PsYAZ7oXAiOnf/UKogyiw=="],
  }
}
